
Microsoft Visual Studio Solution File, Format Version 11.00
# Visual Studio 2010
Project("{FAE04EC0-301F-11D3-BF4B-00C04F79EFBC}") = "Assembly-CSharp-firstpass", "Assembly-CSharp-firstpass.csproj", "{F396501B-27BA-916E-EAC9-134D57682A2E}"
EndProject
Project("{FAE04EC0-301F-11D3-BF4B-00C04F79EFBC}") = "Assembly-CSharp", "Assembly-CSharp.csproj", "{3FC20E80-9691-6CA3-4EC9-9E95E435B0DE}"
EndProject
Project("{FAE04EC0-301F-11D3-BF4B-00C04F79EFBC}") = "Assembly-CSharp-Editor-firstpass", "Assembly-CSharp-Editor-firstpass.csproj", "{47BED800-7107-2D59-3159-2505D9D2E79F}"
EndProject
Global
	GlobalSection(SolutionConfigurationPlatforms) = preSolution
		Debug|Any CPU = Debug|Any CPU
		Release|Any CPU = Release|Any CPU
	EndGlobalSection
	GlobalSection(ProjectConfigurationPlatforms) = postSolution
		{F396501B-27BA-916E-EAC9-134D57682A2E}.Debug|Any CPU.ActiveCfg = Debug|Any CPU
		{F396501B-27BA-916E-EAC9-134D57682A2E}.Debug|Any CPU.Build.0 = Debug|Any CPU
		{F396501B-27BA-916E-EAC9-134D57682A2E}.Release|Any CPU.ActiveCfg = Release|Any CPU
		{F396501B-27BA-916E-EAC9-134D57682A2E}.Release|Any CPU.Build.0 = Release|Any CPU
		{3FC20E80-9691-6CA3-4EC9-9E95E435B0DE}.Debug|Any CPU.ActiveCfg = Debug|Any CPU
		{3FC20E80-9691-6CA3-4EC9-9E95E435B0DE}.Debug|Any CPU.Build.0 = Debug|Any CPU
		{3FC20E80-9691-6CA3-4EC9-9E95E435B0DE}.Release|Any CPU.ActiveCfg = Release|Any CPU
		{3FC20E80-9691-6CA3-4EC9-9E95E435B0DE}.Release|Any CPU.Build.0 = Release|Any CPU
		{47BED800-7107-2D59-3159-2505D9D2E79F}.Debug|Any CPU.ActiveCfg = Debug|Any CPU
		{47BED800-7107-2D59-3159-2505D9D2E79F}.Debug|Any CPU.Build.0 = Debug|Any CPU
		{47BED800-7107-2D59-3159-2505D9D2E79F}.Release|Any CPU.ActiveCfg = Release|Any CPU
		{47BED800-7107-2D59-3159-2505D9D2E79F}.Release|Any CPU.Build.0 = Release|Any CPU
	EndGlobalSection
	GlobalSection(SolutionProperties) = preSolution
		HideSolutionNode = FALSE
	EndGlobalSection
EndGlobal
